
Microsoft Visual Studio Solution File, Format Version 12.00
# Visual Studio 15
VisualStudioVersion = 15.0.26430.6
MinimumVisualStudioVersion = 10.0.40219.1
Project("{FAE04EC0-301F-11D3-BF4B-00C04F79EFBC}") = "Sample", "Sample\Sample.csproj", "{728BC763-77BF-45A9-938F-B81610B33D25}"
EndProject
Project("{2150E333-8FDC-42A3-9474-1A3956D46DE8}") = "Modules", "Modules", "{05803EB5-93FF-43C3-9AD4-BDFC389D6AB4}"
EndProject
Project("{FAE04EC0-301F-11D3-BF4B-00C04F79EFBC}") = "TestModuleA", "Modules\TestModuleA\TestModuleA.csproj", "{A18B5D21-1BBF-4B9C-8554-CCA6CC69B323}"
EndProject
Project("{FAE04EC0-301F-11D3-BF4B-00C04F79EFBC}") = "TestModuleB", "Modules\TestModuleB\TestModuleB.csproj", "{AF7C2D68-72C7-4347-8DBF-90BE91AA44A0}"
EndProject
Project("{FAE04EC0-301F-11D3-BF4B-00C04F79EFBC}") = "TestModuleC", "Modules\TestModuleC\TestModuleC.csproj", "{491BF415-D34A-48CC-99A2-A853EB453473}"
EndProject
Project("{2150E333-8FDC-42A3-9474-1A3956D46DE8}") = "Core", "Core", "{F987801B-6AF2-4833-B16E-27253CA4F463}"
EndProject
Project("{FAE04EC0-301F-11D3-BF4B-00C04F79EFBC}") = "EGUWPBroker", "Core\EGUWPBroker\EGUWPBroker.csproj", "{DA2B9C32-4836-47F6-B395-951650544271}"
EndProject
Project("{FAE04EC0-301F-11D3-BF4B-00C04F79EFBC}") = "EGUWPGateway", "Core\EGUWPGateway\EGUWPGateway.csproj", "{A97C5AB3-A17F-49CC-9336-DCFE98C13580}"
EndProject
Global
	GlobalSection(SolutionConfigurationPlatforms) = preSolution
		Debug|Any CPU = Debug|Any CPU
		Debug|ARM = Debug|ARM
		Debug|x64 = Debug|x64
		Debug|x86 = Debug|x86
		Release|Any CPU = Release|Any CPU
		Release|ARM = Release|ARM
		Release|x64 = Release|x64
		Release|x86 = Release|x86
	EndGlobalSection
	GlobalSection(ProjectConfigurationPlatforms) = postSolution
		{728BC763-77BF-45A9-938F-B81610B33D25}.Debug|Any CPU.ActiveCfg = Debug|x86
		{728BC763-77BF-45A9-938F-B81610B33D25}.Debug|ARM.ActiveCfg = Debug|ARM
		{728BC763-77BF-45A9-938F-B81610B33D25}.Debug|ARM.Build.0 = Debug|ARM
		{728BC763-77BF-45A9-938F-B81610B33D25}.Debug|ARM.Deploy.0 = Debug|ARM
		{728BC763-77BF-45A9-938F-B81610B33D25}.Debug|x64.ActiveCfg = Debug|x64
		{728BC763-77BF-45A9-938F-B81610B33D25}.Debug|x64.Build.0 = Debug|x64
		{728BC763-77BF-45A9-938F-B81610B33D25}.Debug|x64.Deploy.0 = Debug|x64
		{728BC763-77BF-45A9-938F-B81610B33D25}.Debug|x86.ActiveCfg = Debug|x86
		{728BC763-77BF-45A9-938F-B81610B33D25}.Debug|x86.Build.0 = Debug|x86
		{728BC763-77BF-45A9-938F-B81610B33D25}.Debug|x86.Deploy.0 = Debug|x86
		{728BC763-77BF-45A9-938F-B81610B33D25}.Release|Any CPU.ActiveCfg = Release|x86
		{728BC763-77BF-45A9-938F-B81610B33D25}.Release|ARM.ActiveCfg = Release|ARM
		{728BC763-77BF-45A9-938F-B81610B33D25}.Release|ARM.Build.0 = Release|ARM
		{728BC763-77BF-45A9-938F-B81610B33D25}.Release|ARM.Deploy.0 = Release|ARM
		{728BC763-77BF-45A9-938F-B81610B33D25}.Release|x64.ActiveCfg = Release|x64
		{728BC763-77BF-45A9-938F-B81610B33D25}.Release|x64.Build.0 = Release|x64
		{728BC763-77BF-45A9-938F-B81610B33D25}.Release|x64.Deploy.0 = Release|x64
		{728BC763-77BF-45A9-938F-B81610B33D25}.Release|x86.ActiveCfg = Release|x86
		{728BC763-77BF-45A9-938F-B81610B33D25}.Release|x86.Build.0 = Release|x86
		{728BC763-77BF-45A9-938F-B81610B33D25}.Release|x86.Deploy.0 = Release|x86
		{A18B5D21-1BBF-4B9C-8554-CCA6CC69B323}.Debug|Any CPU.ActiveCfg = Debug|Any CPU
		{A18B5D21-1BBF-4B9C-8554-CCA6CC69B323}.Debug|Any CPU.Build.0 = Debug|Any CPU
		{A18B5D21-1BBF-4B9C-8554-CCA6CC69B323}.Debug|ARM.ActiveCfg = Debug|ARM
		{A18B5D21-1BBF-4B9C-8554-CCA6CC69B323}.Debug|ARM.Build.0 = Debug|ARM
		{A18B5D21-1BBF-4B9C-8554-CCA6CC69B323}.Debug|x64.ActiveCfg = Debug|x64
		{A18B5D21-1BBF-4B9C-8554-CCA6CC69B323}.Debug|x64.Build.0 = Debug|x64
		{A18B5D21-1BBF-4B9C-8554-CCA6CC69B323}.Debug|x86.ActiveCfg = Debug|x86
		{A18B5D21-1BBF-4B9C-8554-CCA6CC69B323}.Debug|x86.Build.0 = Debug|x86
		{A18B5D21-1BBF-4B9C-8554-CCA6CC69B323}.Release|Any CPU.ActiveCfg = Release|Any CPU
		{A18B5D21-1BBF-4B9C-8554-CCA6CC69B323}.Release|Any CPU.Build.0 = Release|Any CPU
		{A18B5D21-1BBF-4B9C-8554-CCA6CC69B323}.Release|ARM.ActiveCfg = Release|ARM
		{A18B5D21-1BBF-4B9C-8554-CCA6CC69B323}.Release|ARM.Build.0 = Release|ARM
		{A18B5D21-1BBF-4B9C-8554-CCA6CC69B323}.Release|x64.ActiveCfg = Release|x64
		{A18B5D21-1BBF-4B9C-8554-CCA6CC69B323}.Release|x64.Build.0 = Release|x64
		{A18B5D21-1BBF-4B9C-8554-CCA6CC69B323}.Release|x86.ActiveCfg = Release|x86
		{A18B5D21-1BBF-4B9C-8554-CCA6CC69B323}.Release|x86.Build.0 = Release|x86
		{AF7C2D68-72C7-4347-8DBF-90BE91AA44A0}.Debug|Any CPU.ActiveCfg = Debug|Any CPU
		{AF7C2D68-72C7-4347-8DBF-90BE91AA44A0}.Debug|Any CPU.Build.0 = Debug|Any CPU
		{AF7C2D68-72C7-4347-8DBF-90BE91AA44A0}.Debug|ARM.ActiveCfg = Debug|ARM
		{AF7C2D68-72C7-4347-8DBF-90BE91AA44A0}.Debug|ARM.Build.0 = Debug|ARM
		{AF7C2D68-72C7-4347-8DBF-90BE91AA44A0}.Debug|x64.ActiveCfg = Debug|x64
		{AF7C2D68-72C7-4347-8DBF-90BE91AA44A0}.Debug|x64.Build.0 = Debug|x64
		{AF7C2D68-72C7-4347-8DBF-90BE91AA44A0}.Debug|x86.ActiveCfg = Debug|x86
		{AF7C2D68-72C7-4347-8DBF-90BE91AA44A0}.Debug|x86.Build.0 = Debug|x86
		{AF7C2D68-72C7-4347-8DBF-90BE91AA44A0}.Release|Any CPU.ActiveCfg = Release|Any CPU
		{AF7C2D68-72C7-4347-8DBF-90BE91AA44A0}.Release|Any CPU.Build.0 = Release|Any CPU
		{AF7C2D68-72C7-4347-8DBF-90BE91AA44A0}.Release|ARM.ActiveCfg = Release|ARM
		{AF7C2D68-72C7-4347-8DBF-90BE91AA44A0}.Release|ARM.Build.0 = Release|ARM
		{AF7C2D68-72C7-4347-8DBF-90BE91AA44A0}.Release|x64.ActiveCfg = Release|x64
		{AF7C2D68-72C7-4347-8DBF-90BE91AA44A0}.Release|x64.Build.0 = Release|x64
		{AF7C2D68-72C7-4347-8DBF-90BE91AA44A0}.Release|x86.ActiveCfg = Release|x86
		{AF7C2D68-72C7-4347-8DBF-90BE91AA44A0}.Release|x86.Build.0 = Release|x86
		{491BF415-D34A-48CC-99A2-A853EB453473}.Debug|Any CPU.ActiveCfg = Debug|Any CPU
		{491BF415-D34A-48CC-99A2-A853EB453473}.Debug|Any CPU.Build.0 = Debug|Any CPU
		{491BF415-D34A-48CC-99A2-A853EB453473}.Debug|ARM.ActiveCfg = Debug|ARM
		{491BF415-D34A-48CC-99A2-A853EB453473}.Debug|ARM.Build.0 = Debug|ARM
		{491BF415-D34A-48CC-99A2-A853EB453473}.Debug|x64.ActiveCfg = Debug|x64
		{491BF415-D34A-48CC-99A2-A853EB453473}.Debug|x64.Build.0 = Debug|x64
		{491BF415-D34A-48CC-99A2-A853EB453473}.Debug|x86.ActiveCfg = Debug|x86
		{491BF415-D34A-48CC-99A2-A853EB453473}.Debug|x86.Build.0 = Debug|x86
		{491BF415-D34A-48CC-99A2-A853EB453473}.Release|Any CPU.ActiveCfg = Release|Any CPU
		{491BF415-D34A-48CC-99A2-A853EB453473}.Release|Any CPU.Build.0 = Release|Any CPU
		{491BF415-D34A-48CC-99A2-A853EB453473}.Release|ARM.ActiveCfg = Release|ARM
		{491BF415-D34A-48CC-99A2-A853EB453473}.Release|ARM.Build.0 = Release|ARM
		{491BF415-D34A-48CC-99A2-A853EB453473}.Release|x64.ActiveCfg = Release|x64
		{491BF415-D34A-48CC-99A2-A853EB453473}.Release|x64.Build.0 = Release|x64
		{491BF415-D34A-48CC-99A2-A853EB453473}.Release|x86.ActiveCfg = Release|x86
		{491BF415-D34A-48CC-99A2-A853EB453473}.Release|x86.Build.0 = Release|x86
		{DA2B9C32-4836-47F6-B395-951650544271}.Debug|Any CPU.ActiveCfg = Debug|Any CPU
		{DA2B9C32-4836-47F6-B395-951650544271}.Debug|Any CPU.Build.0 = Debug|Any CPU
		{DA2B9C32-4836-47F6-B395-951650544271}.Debug|ARM.ActiveCfg = Debug|ARM
		{DA2B9C32-4836-47F6-B395-951650544271}.Debug|ARM.Build.0 = Debug|ARM
		{DA2B9C32-4836-47F6-B395-951650544271}.Debug|x64.ActiveCfg = Debug|x64
		{DA2B9C32-4836-47F6-B395-951650544271}.Debug|x64.Build.0 = Debug|x64
		{DA2B9C32-4836-47F6-B395-951650544271}.Debug|x86.ActiveCfg = Debug|x86
		{DA2B9C32-4836-47F6-B395-951650544271}.Debug|x86.Build.0 = Debug|x86
		{DA2B9C32-4836-47F6-B395-951650544271}.Release|Any CPU.ActiveCfg = Release|Any CPU
		{DA2B9C32-4836-47F6-B395-951650544271}.Release|Any CPU.Build.0 = Release|Any CPU
		{DA2B9C32-4836-47F6-B395-951650544271}.Release|ARM.ActiveCfg = Release|ARM
		{DA2B9C32-4836-47F6-B395-951650544271}.Release|ARM.Build.0 = Release|ARM
		{DA2B9C32-4836-47F6-B395-951650544271}.Release|x64.ActiveCfg = Release|x64
		{DA2B9C32-4836-47F6-B395-951650544271}.Release|x64.Build.0 = Release|x64
		{DA2B9C32-4836-47F6-B395-951650544271}.Release|x86.ActiveCfg = Release|x86
		{DA2B9C32-4836-47F6-B395-951650544271}.Release|x86.Build.0 = Release|x86
		{A97C5AB3-A17F-49CC-9336-DCFE98C13580}.Debug|Any CPU.ActiveCfg = Debug|Any CPU
		{A97C5AB3-A17F-49CC-9336-DCFE98C13580}.Debug|Any CPU.Build.0 = Debug|Any CPU
		{A97C5AB3-A17F-49CC-9336-DCFE98C13580}.Debug|ARM.ActiveCfg = Debug|ARM
		{A97C5AB3-A17F-49CC-9336-DCFE98C13580}.Debug|ARM.Build.0 = Debug|ARM
		{A97C5AB3-A17F-49CC-9336-DCFE98C13580}.Debug|x64.ActiveCfg = Debug|x64
		{A97C5AB3-A17F-49CC-9336-DCFE98C13580}.Debug|x64.Build.0 = Debug|x64
		{A97C5AB3-A17F-49CC-9336-DCFE98C13580}.Debug|x86.ActiveCfg = Debug|x86
		{A97C5AB3-A17F-49CC-9336-DCFE98C13580}.Debug|x86.Build.0 = Debug|x86
		{A97C5AB3-A17F-49CC-9336-DCFE98C13580}.Release|Any CPU.ActiveCfg = Release|Any CPU
		{A97C5AB3-A17F-49CC-9336-DCFE98C13580}.Release|Any CPU.Build.0 = Release|Any CPU
		{A97C5AB3-A17F-49CC-9336-DCFE98C13580}.Release|ARM.ActiveCfg = Release|ARM
		{A97C5AB3-A17F-49CC-9336-DCFE98C13580}.Release|ARM.Build.0 = Release|ARM
		{A97C5AB3-A17F-49CC-9336-DCFE98C13580}.Release|x64.ActiveCfg = Release|x64
		{A97C5AB3-A17F-49CC-9336-DCFE98C13580}.Release|x64.Build.0 = Release|x64
		{A97C5AB3-A17F-49CC-9336-DCFE98C13580}.Release|x86.ActiveCfg = Release|x86
		{A97C5AB3-A17F-49CC-9336-DCFE98C13580}.Release|x86.Build.0 = Release|x86
	EndGlobalSection
	GlobalSection(SolutionProperties) = preSolution
		HideSolutionNode = FALSE
	EndGlobalSection
	GlobalSection(NestedProjects) = preSolution
		{A18B5D21-1BBF-4B9C-8554-CCA6CC69B323} = {05803EB5-93FF-43C3-9AD4-BDFC389D6AB4}
		{AF7C2D68-72C7-4347-8DBF-90BE91AA44A0} = {05803EB5-93FF-43C3-9AD4-BDFC389D6AB4}
		{491BF415-D34A-48CC-99A2-A853EB453473} = {05803EB5-93FF-43C3-9AD4-BDFC389D6AB4}
		{DA2B9C32-4836-47F6-B395-951650544271} = {F987801B-6AF2-4833-B16E-27253CA4F463}
		{A97C5AB3-A17F-49CC-9336-DCFE98C13580} = {F987801B-6AF2-4833-B16E-27253CA4F463}
	EndGlobalSection
EndGlobal
